{
  "name": "fullstack-tutorial",
  "lockfileVersion": 2,
  "requires": true,
  "packages": {
    "": {
      "dependencies": {
        "apollo-datasource-rest": "^3.5.1"
      }
    },
    "node_modules/apollo-datasource": {
      "version": "3.3.1",
      "resolved": "https://registry.npmjs.org/apollo-datasource/-/apollo-datasource-3.3.1.tgz",
      "integrity": "sha512-Z3a8rEUXVPIZ1p8xrFL8bcNhWmhOmovgDArvwIwmJOBnh093ZpRfO+ESJEDAN4KswmyzCLDAwjsW4zQOONdRUw==",
      "dependencies": {
        "apollo-server-caching": "^3.3.0",
        "apollo-server-env": "^4.2.1"
      },
      "engines": {
        "node": ">=12.0"
      }
    },
    "node_modules/apollo-datasource-rest": {
      "version": "3.5.1",
      "resolved": "https://registry.npmjs.org/apollo-datasource-rest/-/apollo-datasource-rest-3.5.1.tgz",
      "integrity": "sha512-M23yrpBQWsn3ko2CntQoEnd7K+9F/EVMWiAOBG62Z8IlBp44mJG3ta2YYyZykWHCx3vXFRSo/bD32ar1JBb2yw==",
      "dependencies": {
        "apollo-datasource": "^3.3.1",
        "apollo-server-caching": "^3.3.0",
        "apollo-server-env": "^4.2.1",
        "apollo-server-errors": "^3.3.1",
        "http-cache-semantics": "^4.1.0"
      },
      "engines": {
        "node": ">=12.0"
      }
    },
    "node_modules/apollo-server-caching": {
      "version": "3.3.0",
      "resolved": "https://registry.npmjs.org/apollo-server-caching/-/apollo-server-caching-3.3.0.tgz",
      "integrity": "sha512-Wgcb0ArjZ5DjQ7ID+tvxUcZ7Yxdbk5l1MxZL8D8gkyjooOkhPNzjRVQ7ubPoXqO54PrOMOTm1ejVhsF+AfIirQ==",
      "dependencies": {
        "lru-cache": "^6.0.0"
      },
      "engines": {
        "node": ">=12.0"
      }
    },
    "node_modules/apollo-server-env": {
      "version": "4.2.1",
      "resolved": "https://registry.npmjs.org/apollo-server-env/-/apollo-server-env-4.2.1.tgz",
      "integrity": "sha512-vm/7c7ld+zFMxibzqZ7SSa5tBENc4B0uye9LTfjJwGoQFY5xsUPH5FpO5j0bMUDZ8YYNbrF9SNtzc5Cngcr90g==",
      "dependencies": {
        "node-fetch": "^2.6.7"
      },
      "engines": {
        "node": ">=12.0"
      }
    },
    "node_modules/apollo-server-errors": {
      "version": "3.3.1",
      "resolved": "https://registry.npmjs.org/apollo-server-errors/-/apollo-server-errors-3.3.1.tgz",
      "integrity": "sha512-xnZJ5QWs6FixHICXHxUfm+ZWqqxrNuPlQ+kj5m6RtEgIpekOPssH/SD9gf2B4HuWV0QozorrygwZnux8POvyPA==",
      "engines": {
        "node": ">=12.0"
      },
      "peerDependencies": {
        "graphql": "^15.3.0 || ^16.0.0"
      }
    },
    "node_modules/graphql": {
      "version": "16.3.0",
      "resolved": "https://registry.npmjs.org/graphql/-/graphql-16.3.0.tgz",
      "integrity": "sha512-xm+ANmA16BzCT5pLjuXySbQVFwH3oJctUVdy81w1sV0vBU0KgDdBGtxQOUd5zqOBk/JayAFeG8Dlmeq74rjm/A==",
      "peer": true,
      "engines": {
        "node": "^12.22.0 || ^14.16.0 || >=16.0.0"
      }
    },
    "node_modules/http-cache-semantics": {
      "version": "4.1.0",
      "resolved": "https://registry.npmjs.org/http-cache-semantics/-/http-cache-semantics-4.1.0.tgz",
      "integrity": "sha512-carPklcUh7ROWRK7Cv27RPtdhYhUsela/ue5/jKzjegVvXDqM2ILE9Q2BGn9JZJh1g87cp56su/FgQSzcWS8cQ=="
    },
    "node_modules/lru-cache": {
      "version": "6.0.0",
      "resolved": "https://registry.npmjs.org/lru-cache/-/lru-cache-6.0.0.tgz",
      "integrity": "sha512-Jo6dJ04CmSjuznwJSS3pUeWmd/H0ffTlkXXgwZi+eq1UCmqQwCh+eLsYOYCwY991i2Fah4h1BEMCx4qThGbsiA==",
      "dependencies": {
        "yallist": "^4.0.0"
      },
      "engines": {
        "node": ">=10"
      }
    },
    "node_modules/node-fetch": {
      "version": "2.6.7",
      "resolved": "https://registry.npmjs.org/node-fetch/-/node-fetch-2.6.7.tgz",
      "integrity": "sha512-ZjMPFEfVx5j+y2yF35Kzx5sF7kDzxuDj6ziH4FFbOp87zKDZNx8yExJIb05OGF4Nlt9IHFIMBkRl41VdvcNdbQ==",
      "dependencies": {
        "whatwg-url": "^5.0.0"
      },
      "engines": {
        "node": "4.x || >=6.0.0"
      },
      "peerDependencies": {
        "encoding": "^0.1.0"
      },
      "peerDependenciesMeta": {
        "encoding": {
          "optional": true
        }
      }
    },
    "node_modules/tr46": {
      "version": "0.0.3",
      "resolved": "https://registry.npmjs.org/tr46/-/tr46-0.0.3.tgz",
      "integrity": "sha1-gYT9NH2snNwYWZLzpmIuFLnZq2o="
    },
    "node_modules/webidl-conversions": {
      "version": "3.0.1",
      "resolved": "https://registry.npmjs.org/webidl-conversions/-/webidl-conversions-3.0.1.tgz",
      "integrity": "sha1-JFNCdeKnvGvnvIZhHMFq4KVlSHE="
    },
    "node_modules/whatwg-url": {
      "version": "5.0.0",
      "resolved": "https://registry.npmjs.org/whatwg-url/-/whatwg-url-5.0.0.tgz",
      "integrity": "sha1-lmRU6HZUYuN2RNNib2dCzotwll0=",
      "dependencies": {
        "tr46": "~0.0.3",
        "webidl-conversions": "^3.0.0"
      }
    },
    "node_modules/yallist": {
      "version": "4.0.0",
      "resolved": "https://registry.npmjs.org/yallist/-/yallist-4.0.0.tgz",
      "integrity": "sha512-3wdGidZyq5PB084XLES5TpOSRA3wjXAlIWMhum2kRcv/41Sn2emQ0dycQW4uZXLejwKvg6EsvbdlVL+FYEct7A=="
    }
  },
  "dependencies": {
    "apollo-datasource": {
      "version": "3.3.1",
      "resolved": "https://registry.npmjs.org/apollo-datasource/-/apollo-datasource-3.3.1.tgz",
      "integrity": "sha512-Z3a8rEUXVPIZ1p8xrFL8bcNhWmhOmovgDArvwIwmJOBnh093ZpRfO+ESJEDAN4KswmyzCLDAwjsW4zQOONdRUw==",
      "requires": {
        "apollo-server-caching": "^3.3.0",
        "apollo-server-env": "^4.2.1"
      }
    },
    "apollo-datasource-rest": {
      "version": "3.5.1",
      "resolved": "https://registry.npmjs.org/apollo-datasource-rest/-/apollo-datasource-rest-3.5.1.tgz",
      "integrity": "sha512-M23yrpBQWsn3ko2CntQoEnd7K+9F/EVMWiAOBG62Z8IlBp44mJG3ta2YYyZykWHCx3vXFRSo/bD32ar1JBb2yw==",
      "requires": {
        "apollo-datasource": "^3.3.1",
        "apollo-server-caching": "^3.3.0",
        "apollo-server-env": "^4.2.1",
        "apollo-server-errors": "^3.3.1",
        "http-cache-semantics": "^4.1.0"
      }
    },
    "apollo-server-caching": {
      "version": "3.3.0",
      "resolved": "https://registry.npmjs.org/apollo-server-caching/-/apollo-server-caching-3.3.0.tgz",
      "integrity": "sha512-Wgcb0ArjZ5DjQ7ID+tvxUcZ7Yxdbk5l1MxZL8D8gkyjooOkhPNzjRVQ7ubPoXqO54PrOMOTm1ejVhsF+AfIirQ==",
      "requires": {
        "lru-cache": "^6.0.0"
      }
    },
    "apollo-server-env": {
      "version": "4.2.1",
      "resolved": "https://registry.npmjs.org/apollo-server-env/-/apollo-server-env-4.2.1.tgz",
      "integrity": "sha512-vm/7c7ld+zFMxibzqZ7SSa5tBENc4B0uye9LTfjJwGoQFY5xsUPH5FpO5j0bMUDZ8YYNbrF9SNtzc5Cngcr90g==",
      "requires": {
        "node-fetch": "^2.6.7"
      }
    },
    "apollo-server-errors": {
      "version": "3.3.1",
      "resolved": "https://registry.npmjs.org/apollo-server-errors/-/apollo-server-errors-3.3.1.tgz",
      "integrity": "sha512-xnZJ5QWs6FixHICXHxUfm+ZWqqxrNuPlQ+kj5m6RtEgIpekOPssH/SD9gf2B4HuWV0QozorrygwZnux8POvyPA==",
      "requires": {}
    },
    "graphql": {
      "version": "16.3.0",
      "resolved": "https://registry.npmjs.org/graphql/-/graphql-16.3.0.tgz",
      "integrity": "sha512-xm+ANmA16BzCT5pLjuXySbQVFwH3oJctUVdy81w1sV0vBU0KgDdBGtxQOUd5zqOBk/JayAFeG8Dlmeq74rjm/A==",
      "peer": true
    },
    "http-cache-semantics": {
      "version": "4.1.0",
      "resolved": "https://registry.npmjs.org/http-cache-semantics/-/http-cache-semantics-4.1.0.tgz",
      "integrity": "sha512-carPklcUh7ROWRK7Cv27RPtdhYhUsela/ue5/jKzjegVvXDqM2ILE9Q2BGn9JZJh1g87cp56su/FgQSzcWS8cQ=="
    },
    "lru-cache": {
      "version": "6.0.0",
      "resolved": "https://registry.npmjs.org/lru-cache/-/lru-cache-6.0.0.tgz",
      "integrity": "sha512-Jo6dJ04CmSjuznwJSS3pUeWmd/H0ffTlkXXgwZi+eq1UCmqQwCh+eLsYOYCwY991i2Fah4h1BEMCx4qThGbsiA==",
      "requires": {
        "yallist": "^4.0.0"
      }
    },
    "node-fetch": {
      "version": "2.6.7",
      "resolved": "https://registry.npmjs.org/node-fetch/-/node-fetch-2.6.7.tgz",
      "integrity": "sha512-ZjMPFEfVx5j+y2yF35Kzx5sF7kDzxuDj6ziH4FFbOp87zKDZNx8yExJIb05OGF4Nlt9IHFIMBkRl41VdvcNdbQ==",
      "requires": {
        "whatwg-url": "^5.0.0"
      }
    },
    "tr46": {
      "version": "0.0.3",
      "resolved": "https://registry.npmjs.org/tr46/-/tr46-0.0.3.tgz",
      "integrity": "sha1-gYT9NH2snNwYWZLzpmIuFLnZq2o="
    },
    "webidl-conversions": {
      "version": "3.0.1",
      "resolved": "https://registry.npmjs.org/webidl-conversions/-/webidl-conversions-3.0.1.tgz",
      "integrity": "sha1-JFNCdeKnvGvnvIZhHMFq4KVlSHE="
    },
    "whatwg-url": {
      "version": "5.0.0",
      "resolved": "https://registry.npmjs.org/whatwg-url/-/whatwg-url-5.0.0.tgz",
      "integrity": "sha1-lmRU6HZUYuN2RNNib2dCzotwll0=",
      "requires": {
        "tr46": "~0.0.3",
        "webidl-conversions": "^3.0.0"
      }
    },
    "yallist": {
      "version": "4.0.0",
      "resolved": "https://registry.npmjs.org/yallist/-/yallist-4.0.0.tgz",
      "integrity": "sha512-3wdGidZyq5PB084XLES5TpOSRA3wjXAlIWMhum2kRcv/41Sn2emQ0dycQW4uZXLejwKvg6EsvbdlVL+FYEct7A=="
    }
  }
}
